
Microsoft Visual Studio Solution File, Format Version 12.00
# Visual Studio Version 17
VisualStudioVersion = 17.6.33829.357
MinimumVisualStudioVersion = 10.0.40219.1
Project("{FAE04EC0-301F-11D3-BF4B-00C04F79EFBC}") = "ASPNet", "ASPNet\ASPNet.csproj", "{DB73ED63-8704-4815-AEFD-7A2FB644D9D1}"
EndProject
Global
	GlobalSection(SolutionConfigurationPlatforms) = preSolution
		Debug|Any CPU = Debug|Any CPU
		Release|Any CPU = Release|Any CPU
	EndGlobalSection
	GlobalSection(ProjectConfigurationPlatforms) = postSolution
		{DB73ED63-8704-4815-AEFD-7A2FB644D9D1}.Debug|Any CPU.ActiveCfg = Debug|Any CPU
		{DB73ED63-8704-4815-AEFD-7A2FB644D9D1}.Debug|Any CPU.Build.0 = Debug|Any CPU
		{DB73ED63-8704-4815-AEFD-7A2FB644D9D1}.Release|Any CPU.ActiveCfg = Release|Any CPU
		{DB73ED63-8704-4815-AEFD-7A2FB644D9D1}.Release|Any CPU.Build.0 = Release|Any CPU
	EndGlobalSection
	GlobalSection(SolutionProperties) = preSolution
		HideSolutionNode = FALSE
	EndGlobalSection
	GlobalSection(ExtensibilityGlobals) = postSolution
		SolutionGuid = {F8F58D61-2F1B-46BF-989D-B37846646540}
	EndGlobalSection
EndGlobal
